// !$*UTF8*$!
{
	archiveVersion = 1;
	classes = {
	};
	objectVersion = 51;
	objects = {

/* Begin PBXBuildFile section */
		3A8CB6D724549417005801A8 /* AppDelegate.swift in Sources */ = {isa = PBXBuildFile; fileRef = 3A8CB6D624549417005801A8 /* AppDelegate.swift */; };
		3A8CB6D924549417005801A8 /* SceneDelegate.swift in Sources */ = {isa = PBXBuildFile; fileRef = 3A8CB6D824549417005801A8 /* SceneDelegate.swift */; };
		3A8CB6DB24549417005801A8 /* MainViewController.swift in Sources */ = {isa = PBXBuildFile; fileRef = 3A8CB6DA24549417005801A8 /* MainViewController.swift */; };
		3A8CB6DE24549417005801A8 /* Main.storyboard in Resources */ = {isa = PBXBuildFile; fileRef = 3A8CB6DC24549417005801A8 /* Main.storyboard */; };
		3A8CB6E024549419005801A8 /* Assets.xcassets in Resources */ = {isa = PBXBuildFile; fileRef = 3A8CB6DF24549419005801A8 /* Assets.xcassets */; };
		3A8CB6E324549419005801A8 /* LaunchScreen.storyboard in Resources */ = {isa = PBXBuildFile; fileRef = 3A8CB6E124549419005801A8 /* LaunchScreen.storyboard */; };
		3A8CB6EF24549BA1005801A8 /* Default-568h@2x.png in Resources */ = {isa = PBXBuildFile; fileRef = 3A8CB6EE24549BA1005801A8 /* Default-568h@2x.png */; };
		3A8CB7152454B053005801A8 /* NetworkChampionsManager.swift in Sources */ = {isa = PBXBuildFile; fileRef = 3A8CB7142454B053005801A8 /* NetworkChampionsManager.swift */; };
		3A8CB7192454D0FB005801A8 /* ChampionsViewController.swift in Sources */ = {isa = PBXBuildFile; fileRef = 3A8CB7182454D0FB005801A8 /* ChampionsViewController.swift */; };
		3A8CB71B2454DCE5005801A8 /* ChampionsData.swift in Sources */ = {isa = PBXBuildFile; fileRef = 3A8CB71A2454DCE5005801A8 /* ChampionsData.swift */; };
		3A8CB71F24550767005801A8 /* CollectionViewControllerCellCollectionViewCell.swift in Sources */ = {isa = PBXBuildFile; fileRef = 3A8CB71E24550767005801A8 /* CollectionViewControllerCellCollectionViewCell.swift */; };
		3A8CB7212455A19C005801A8 /* VerifyVersion.swift in Sources */ = {isa = PBXBuildFile; fileRef = 3A8CB7202455A19C005801A8 /* VerifyVersion.swift */; };
		3A8CB7232455FE61005801A8 /* Errors.swift in Sources */ = {isa = PBXBuildFile; fileRef = 3A8CB7222455FE61005801A8 /* Errors.swift */; };
		3A8CB72524577396005801A8 /* ChampionAndVersionRealm.swift in Sources */ = {isa = PBXBuildFile; fileRef = 3A8CB72424577396005801A8 /* ChampionAndVersionRealm.swift */; };
		3A8CB72E245A16E8005801A8 /* ChampionInfoController.swift in Sources */ = {isa = PBXBuildFile; fileRef = 3A8CB72C245A16E7005801A8 /* ChampionInfoController.swift */; };
		3A8CB72F245A16E8005801A8 /* ChampionInfoController.xib in Resources */ = {isa = PBXBuildFile; fileRef = 3A8CB72D245A16E7005801A8 /* ChampionInfoController.xib */; };
		3A8CB732245C2610005801A8 /* ExtensionsMainViewController.swift in Sources */ = {isa = PBXBuildFile; fileRef = 3A8CB731245C2610005801A8 /* ExtensionsMainViewController.swift */; };
		3A8CB756245C7E14005801A8 /* SelectedChampionData.swift in Sources */ = {isa = PBXBuildFile; fileRef = 3A8CB755245C7E14005801A8 /* SelectedChampionData.swift */; };
		3A8CB75A245CA0D9005801A8 /* FullInfoChampion.swift in Sources */ = {isa = PBXBuildFile; fileRef = 3A8CB759245CA0D9005801A8 /* FullInfoChampion.swift */; };
		3A8CB75C245CA1A3005801A8 /* SelectChampion.swift in Sources */ = {isa = PBXBuildFile; fileRef = 3A8CB75B245CA1A3005801A8 /* SelectChampion.swift */; };
		3A8CB7A4245E2FF1005801A8 /* StringGettingAttributedText.swift in Sources */ = {isa = PBXBuildFile; fileRef = 3A8CB7A3245E2FF1005801A8 /* StringGettingAttributedText.swift */; };
		3A8CB7A6245E3037005801A8 /* ImageViewDownload.swift in Sources */ = {isa = PBXBuildFile; fileRef = 3A8CB7A5245E3037005801A8 /* ImageViewDownload.swift */; };
		3AA4D11B245F313700B05437 /* SpellsCell.swift in Sources */ = {isa = PBXBuildFile; fileRef = 3AA4D119245F313600B05437 /* SpellsCell.swift */; };
		3AA4D11C245F313700B05437 /* SpellsCell.xib in Resources */ = {isa = PBXBuildFile; fileRef = 3AA4D11A245F313700B05437 /* SpellsCell.xib */; };
		A53DD373CF2CC798505F6159 /* Pods_LoLProject.framework in Frameworks */ = {isa = PBXBuildFile; fileRef = A646B19931C5ECA45F2A1887 /* Pods_LoLProject.framework */; };
/* End PBXBuildFile section */

/* Begin PBXFileReference section */
		3A8CB6D324549417005801A8 /* LoLProject.app */ = {isa = PBXFileReference; explicitFileType = wrapper.application; includeInIndex = 0; path = LoLProject.app; sourceTree = BUILT_PRODUCTS_DIR; };
		3A8CB6D624549417005801A8 /* AppDelegate.swift */ = {isa = PBXFileReference; lastKnownFileType = sourcecode.swift; path = AppDelegate.swift; sourceTree = "<group>"; };
		3A8CB6D824549417005801A8 /* SceneDelegate.swift */ = {isa = PBXFileReference; lastKnownFileType = sourcecode.swift; path = SceneDelegate.swift; sourceTree = "<group>"; };
		3A8CB6DA24549417005801A8 /* MainViewController.swift */ = {isa = PBXFileReference; lastKnownFileType = sourcecode.swift; path = MainViewController.swift; sourceTree = "<group>"; };
		3A8CB6DD24549417005801A8 /* Base */ = {isa = PBXFileReference; lastKnownFileType = file.storyboard; name = Base; path = Base.lproj/Main.storyboard; sourceTree = "<group>"; };
		3A8CB6DF24549419005801A8 /* Assets.xcassets */ = {isa = PBXFileReference; lastKnownFileType = folder.assetcatalog; path = Assets.xcassets; sourceTree = "<group>"; };
		3A8CB6E224549419005801A8 /* Base */ = {isa = PBXFileReference; lastKnownFileType = file.storyboard; name = Base; path = Base.lproj/LaunchScreen.storyboard; sourceTree = "<group>"; };
		3A8CB6E424549419005801A8 /* Info.plist */ = {isa = PBXFileReference; lastKnownFileType = text.plist.xml; path = Info.plist; sourceTree = "<group>"; };
		3A8CB6EE24549BA1005801A8 /* Default-568h@2x.png */ = {isa = PBXFileReference; lastKnownFileType = image.png; path = "Default-568h@2x.png"; sourceTree = "<group>"; };
		3A8CB7142454B053005801A8 /* NetworkChampionsManager.swift */ = {isa = PBXFileReference; lastKnownFileType = sourcecode.swift; path = NetworkChampionsManager.swift; sourceTree = "<group>"; };
		3A8CB7182454D0FB005801A8 /* ChampionsViewController.swift */ = {isa = PBXFileReference; lastKnownFileType = sourcecode.swift; path = ChampionsViewController.swift; sourceTree = "<group>"; };
		3A8CB71A2454DCE5005801A8 /* ChampionsData.swift */ = {isa = PBXFileReference; lastKnownFileType = sourcecode.swift; path = ChampionsData.swift; sourceTree = "<group>"; };
		3A8CB71E24550767005801A8 /* CollectionViewControllerCellCollectionViewCell.swift */ = {isa = PBXFileReference; lastKnownFileType = sourcecode.swift; path = CollectionViewControllerCellCollectionViewCell.swift; sourceTree = "<group>"; };
		3A8CB7202455A19C005801A8 /* VerifyVersion.swift */ = {isa = PBXFileReference; lastKnownFileType = sourcecode.swift; path = VerifyVersion.swift; sourceTree = "<group>"; };
		3A8CB7222455FE61005801A8 /* Errors.swift */ = {isa = PBXFileReference; lastKnownFileType = sourcecode.swift; path = Errors.swift; sourceTree = "<group>"; };
		3A8CB72424577396005801A8 /* ChampionAndVersionRealm.swift */ = {isa = PBXFileReference; lastKnownFileType = sourcecode.swift; path = ChampionAndVersionRealm.swift; sourceTree = "<group>"; };
		3A8CB72C245A16E7005801A8 /* ChampionInfoController.swift */ = {isa = PBXFileReference; lastKnownFileType = sourcecode.swift; path = ChampionInfoController.swift; sourceTree = "<group>"; };
		3A8CB72D245A16E7005801A8 /* ChampionInfoController.xib */ = {isa = PBXFileReference; lastKnownFileType = file.xib; path = ChampionInfoController.xib; sourceTree = "<group>"; };
		3A8CB731245C2610005801A8 /* ExtensionsMainViewController.swift */ = {isa = PBXFileReference; lastKnownFileType = sourcecode.swift; path = ExtensionsMainViewController.swift; sourceTree = "<group>"; };
		3A8CB755245C7E14005801A8 /* SelectedChampionData.swift */ = {isa = PBXFileReference; lastKnownFileType = sourcecode.swift; path = SelectedChampionData.swift; sourceTree = "<group>"; };
		3A8CB759245CA0D9005801A8 /* FullInfoChampion.swift */ = {isa = PBXFileReference; lastKnownFileType = sourcecode.swift; path = FullInfoChampion.swift; sourceTree = "<group>"; };
		3A8CB75B245CA1A3005801A8 /* SelectChampion.swift */ = {isa = PBXFileReference; lastKnownFileType = sourcecode.swift; path = SelectChampion.swift; sourceTree = "<group>"; };
		3A8CB7A3245E2FF1005801A8 /* StringGettingAttributedText.swift */ = {isa = PBXFileReference; lastKnownFileType = sourcecode.swift; path = StringGettingAttributedText.swift; sourceTree = "<group>"; };
		3A8CB7A5245E3037005801A8 /* ImageViewDownload.swift */ = {isa = PBXFileReference; lastKnownFileType = sourcecode.swift; path = ImageViewDownload.swift; sourceTree = "<group>"; };
		3AA4D119245F313600B05437 /* SpellsCell.swift */ = {isa = PBXFileReference; lastKnownFileType = sourcecode.swift; path = SpellsCell.swift; sourceTree = "<group>"; };
		3AA4D11A245F313700B05437 /* SpellsCell.xib */ = {isa = PBXFileReference; lastKnownFileType = file.xib; path = SpellsCell.xib; sourceTree = "<group>"; };
		A15E66B7F61071E6875938AF /* Pods-LoLProject.release.xcconfig */ = {isa = PBXFileReference; includeInIndex = 1; lastKnownFileType = text.xcconfig; name = "Pods-LoLProject.release.xcconfig"; path = "Target Support Files/Pods-LoLProject/Pods-LoLProject.release.xcconfig"; sourceTree = "<group>"; };
		A646B19931C5ECA45F2A1887 /* Pods_LoLProject.framework */ = {isa = PBXFileReference; explicitFileType = wrapper.framework; includeInIndex = 0; path = Pods_LoLProject.framework; sourceTree = BUILT_PRODUCTS_DIR; };
		F17EDD9FC2E11CB9D000CEFD /* Pods-LoLProject.debug.xcconfig */ = {isa = PBXFileReference; includeInIndex = 1; lastKnownFileType = text.xcconfig; name = "Pods-LoLProject.debug.xcconfig"; path = "Target Support Files/Pods-LoLProject/Pods-LoLProject.debug.xcconfig"; sourceTree = "<group>"; };
/* End PBXFileReference section */

/* Begin PBXFrameworksBuildPhase section */
		3A8CB6D024549417005801A8 /* Frameworks */ = {
			isa = PBXFrameworksBuildPhase;
			buildActionMask = 2147483647;
			files = (
				A53DD373CF2CC798505F6159 /* Pods_LoLProject.framework in Frameworks */,
			);
			runOnlyForDeploymentPostprocessing = 0;
		};
/* End PBXFrameworksBuildPhase section */

/* Begin PBXGroup section */
		202015CBC2256E5DAB099B46 /* Frameworks */ = {
			isa = PBXGroup;
			children = (
				A646B19931C5ECA45F2A1887 /* Pods_LoLProject.framework */,
			);
			name = Frameworks;
			sourceTree = "<group>";
		};
		3A8CB6CA24549417005801A8 = {
			isa = PBXGroup;
			children = (
				3A8CB6EE24549BA1005801A8 /* Default-568h@2x.png */,
				3A8CB6D524549417005801A8 /* LoLProject */,
				3A8CB6D424549417005801A8 /* Products */,
				42A3B2DD9188F0E32D5B9CA9 /* Pods */,
				202015CBC2256E5DAB099B46 /* Frameworks */,
			);
			sourceTree = "<group>";
		};
		3A8CB6D424549417005801A8 /* Products */ = {
			isa = PBXGroup;
			children = (
				3A8CB6D324549417005801A8 /* LoLProject.app */,
			);
			name = Products;
			sourceTree = "<group>";
		};
		3A8CB6D524549417005801A8 /* LoLProject */ = {
			isa = PBXGroup;
			children = (
				3A8CB7A1245E2F63005801A8 /* Extensions */,
				3A8CB6EB24549B37005801A8 /* Views */,
				3A8CB6EC24549B5B005801A8 /* Models */,
				3A8CB6ED24549B75005801A8 /* View Controllers */,
				3A8CB6EA24549A75005801A8 /* Supporting Files */,
			);
			path = LoLProject;
			sourceTree = "<group>";
		};
		3A8CB6EA24549A75005801A8 /* Supporting Files */ = {
			isa = PBXGroup;
			children = (
				3A8CB7A2245E2F8B005801A8 /* New Group */,
				3A8CB6D624549417005801A8 /* AppDelegate.swift */,
				3A8CB6D824549417005801A8 /* SceneDelegate.swift */,
				3A8CB6DF24549419005801A8 /* Assets.xcassets */,
				3A8CB6E424549419005801A8 /* Info.plist */,
			);
			path = "Supporting Files";
			sourceTree = "<group>";
		};
		3A8CB6EB24549B37005801A8 /* Views */ = {
			isa = PBXGroup;
			children = (
				3A8CB6E124549419005801A8 /* LaunchScreen.storyboard */,
				3A8CB6DC24549417005801A8 /* Main.storyboard */,
			);
			path = Views;
			sourceTree = "<group>";
		};
		3A8CB6EC24549B5B005801A8 /* Models */ = {
			isa = PBXGroup;
			children = (
				3A8CB7142454B053005801A8 /* NetworkChampionsManager.swift */,
				3A8CB7202455A19C005801A8 /* VerifyVersion.swift */,
				3A8CB71A2454DCE5005801A8 /* ChampionsData.swift */,
				3A8CB755245C7E14005801A8 /* SelectedChampionData.swift */,
				3A8CB75B245CA1A3005801A8 /* SelectChampion.swift */,
				3A8CB72424577396005801A8 /* ChampionAndVersionRealm.swift */,
				3A8CB7222455FE61005801A8 /* Errors.swift */,
				3A8CB759245CA0D9005801A8 /* FullInfoChampion.swift */,
			);
			path = Models;
			sourceTree = "<group>";
		};
		3A8CB6ED24549B75005801A8 /* View Controllers */ = {
			isa = PBXGroup;
			children = (
				3A8CB730245C258A005801A8 /* MainViewController */,
				3A8CB72B245A16A2005801A8 /* ChampionInfoController */,
				3A8CB7182454D0FB005801A8 /* ChampionsViewController.swift */,
				3A8CB71E24550767005801A8 /* CollectionViewControllerCellCollectionViewCell.swift */,
			);
			path = "View Controllers";
			sourceTree = "<group>";
		};
		3A8CB72B245A16A2005801A8 /* ChampionInfoController */ = {
			isa = PBXGroup;
			children = (
				3A8CB72C245A16E7005801A8 /* ChampionInfoController.swift */,
				3A8CB72D245A16E7005801A8 /* ChampionInfoController.xib */,
				3AA4D119245F313600B05437 /* SpellsCell.swift */,
				3AA4D11A245F313700B05437 /* SpellsCell.xib */,
			);
			path = ChampionInfoController;
			sourceTree = "<group>";
		};
		3A8CB730245C258A005801A8 /* MainViewController */ = {
			isa = PBXGroup;
			children = (
				3A8CB6DA24549417005801A8 /* MainViewController.swift */,
				3A8CB731245C2610005801A8 /* ExtensionsMainViewController.swift */,
			);
			path = MainViewController;
			sourceTree = "<group>";
		};
		3A8CB7A1245E2F63005801A8 /* Extensions */ = {
			isa = PBXGroup;
			children = (
				3A8CB7A3245E2FF1005801A8 /* StringGettingAttributedText.swift */,
				3A8CB7A5245E3037005801A8 /* ImageViewDownload.swift */,
			);
			path = Extensions;
			sourceTree = "<group>";
		};
		3A8CB7A2245E2F8B005801A8 /* New Group */ = {
			isa = PBXGroup;
			children = (
			);
			path = "New Group";
			sourceTree = "<group>";
		};
		42A3B2DD9188F0E32D5B9CA9 /* Pods */ = {
			isa = PBXGroup;
			children = (
				F17EDD9FC2E11CB9D000CEFD /* Pods-LoLProject.debug.xcconfig */,
				A15E66B7F61071E6875938AF /* Pods-LoLProject.release.xcconfig */,
			);
			path = Pods;
			sourceTree = "<group>";
		};
/* End PBXGroup section */

/* Begin PBXNativeTarget section */
		3A8CB6D224549417005801A8 /* LoLProject */ = {
			isa = PBXNativeTarget;
			buildConfigurationList = 3A8CB6E724549419005801A8 /* Build configuration list for PBXNativeTarget "LoLProject" */;
			buildPhases = (
				FACE523BDA883EF39D29B636 /* [CP] Check Pods Manifest.lock */,
				3A8CB6CF24549417005801A8 /* Sources */,
				3A8CB6D024549417005801A8 /* Frameworks */,
				3A8CB6D124549417005801A8 /* Resources */,
				5E207E87D85A865E0064DC25 /* [CP] Embed Pods Frameworks */,
			);
			buildRules = (
			);
			dependencies = (
			);
			name = LoLProject;
			productName = LoLProject;
			productReference = 3A8CB6D324549417005801A8 /* LoLProject.app */;
			productType = "com.apple.product-type.application";
		};
/* End PBXNativeTarget section */

/* Begin PBXProject section */
		3A8CB6CB24549417005801A8 /* Project object */ = {
			isa = PBXProject;
			attributes = {
				LastSwiftUpdateCheck = 1140;
				LastUpgradeCheck = 1140;
				ORGANIZATIONNAME = "Антон";
				TargetAttributes = {
					3A8CB6D224549417005801A8 = {
						CreatedOnToolsVersion = 11.4.1;
					};
				};
			};
			buildConfigurationList = 3A8CB6CE24549417005801A8 /* Build configuration list for PBXProject "LoLProject" */;
			compatibilityVersion = "Xcode 9.3";
			developmentRegion = en;
			hasScannedForEncodings = 0;
			knownRegions = (
				en,
				Base,
			);
			mainGroup = 3A8CB6CA24549417005801A8;
			productRefGroup = 3A8CB6D424549417005801A8 /* Products */;
			projectDirPath = "";
			projectRoot = "";
			targets = (
				3A8CB6D224549417005801A8 /* LoLProject */,
			);
		};
/* End PBXProject section */

/* Begin PBXResourcesBuildPhase section */
		3A8CB6D124549417005801A8 /* Resources */ = {
			isa = PBXResourcesBuildPhase;
			buildActionMask = 2147483647;
			files = (
				3A8CB6E324549419005801A8 /* LaunchScreen.storyboard in Resources */,
				3AA4D11C245F313700B05437 /* SpellsCell.xib in Resources */,
				3A8CB6EF24549BA1005801A8 /* Default-568h@2x.png in Resources */,
				3A8CB6E024549419005801A8 /* Assets.xcassets in Resources */,
				3A8CB72F245A16E8005801A8 /* ChampionInfoController.xib in Resources */,
				3A8CB6DE24549417005801A8 /* Main.storyboard in Resources */,
			);
			runOnlyForDeploymentPostprocessing = 0;
		};
/* End PBXResourcesBuildPhase section */

/* Begin PBXShellScriptBuildPhase section */
		5E207E87D85A865E0064DC25 /* [CP] Embed Pods Frameworks */ = {
			isa = PBXShellScriptBuildPhase;
			buildActionMask = 2147483647;
			files = (
			);
			inputFileListPaths = (
				"${PODS_ROOT}/Target Support Files/Pods-LoLProject/Pods-LoLProject-frameworks-${CONFIGURATION}-input-files.xcfilelist",
			);
			name = "[CP] Embed Pods Frameworks";
			outputFileListPaths = (
				"${PODS_ROOT}/Target Support Files/Pods-LoLProject/Pods-LoLProject-frameworks-${CONFIGURATION}-output-files.xcfilelist",
			);
			runOnlyForDeploymentPostprocessing = 0;
			shellPath = /bin/sh;
			shellScript = "\"${PODS_ROOT}/Target Support Files/Pods-LoLProject/Pods-LoLProject-frameworks.sh\"\n";
			showEnvVarsInLog = 0;
		};
		FACE523BDA883EF39D29B636 /* [CP] Check Pods Manifest.lock */ = {
			isa = PBXShellScriptBuildPhase;
			buildActionMask = 2147483647;
			files = (
			);
			inputFileListPaths = (
			);
			inputPaths = (
				"${PODS_PODFILE_DIR_PATH}/Podfile.lock",
				"${PODS_ROOT}/Manifest.lock",
			);
			name = "[CP] Check Pods Manifest.lock";
			outputFileListPaths = (
			);
			outputPaths = (
				"$(DERIVED_FILE_DIR)/Pods-LoLProject-checkManifestLockResult.txt",
			);
			runOnlyForDeploymentPostprocessing = 0;
			shellPath = /bin/sh;
			shellScript = "diff \"${PODS_PODFILE_DIR_PATH}/Podfile.lock\" \"${PODS_ROOT}/Manifest.lock\" > /dev/null\nif [ $? != 0 ] ; then\n    # print error to STDERR\n    echo \"error: The sandbox is not in sync with the Podfile.lock. Run 'pod install' or update your CocoaPods installation.\" >&2\n    exit 1\nfi\n# This output is used by Xcode 'outputs' to avoid re-running this script phase.\necho \"SUCCESS\" > \"${SCRIPT_OUTPUT_FILE_0}\"\n";
			showEnvVarsInLog = 0;
		};
/* End PBXShellScriptBuildPhase section */

/* Begin PBXSourcesBuildPhase section */
		3A8CB6CF24549417005801A8 /* Sources */ = {
			isa = PBXSourcesBuildPhase;
			buildActionMask = 2147483647;
			files = (
				3A8CB75A245CA0D9005801A8 /* FullInfoChampion.swift in Sources */,
				3A8CB7192454D0FB005801A8 /* ChampionsViewController.swift in Sources */,
				3A8CB7A4245E2FF1005801A8 /* StringGettingAttributedText.swift in Sources */,
				3A8CB71F24550767005801A8 /* CollectionViewControllerCellCollectionViewCell.swift in Sources */,
				3A8CB756245C7E14005801A8 /* SelectedChampionData.swift in Sources */,
				3A8CB732245C2610005801A8 /* ExtensionsMainViewController.swift in Sources */,
				3A8CB6DB24549417005801A8 /* MainViewController.swift in Sources */,
				3A8CB71B2454DCE5005801A8 /* ChampionsData.swift in Sources */,
				3A8CB7212455A19C005801A8 /* VerifyVersion.swift in Sources */,
				3A8CB72E245A16E8005801A8 /* ChampionInfoController.swift in Sources */,
				3A8CB7152454B053005801A8 /* NetworkChampionsManager.swift in Sources */,
				3A8CB7232455FE61005801A8 /* Errors.swift in Sources */,
				3A8CB6D724549417005801A8 /* AppDelegate.swift in Sources */,
				3A8CB72524577396005801A8 /* ChampionAndVersionRealm.swift in Sources */,
				3A8CB75C245CA1A3005801A8 /* SelectChampion.swift in Sources */,
				3A8CB7A6245E3037005801A8 /* ImageViewDownload.swift in Sources */,
				3AA4D11B245F313700B05437 /* SpellsCell.swift in Sources */,
				3A8CB6D924549417005801A8 /* SceneDelegate.swift in Sources */,
			);
			runOnlyForDeploymentPostprocessing = 0;
		};
/* End PBXSourcesBuildPhase section */

/* Begin PBXVariantGroup section */
		3A8CB6DC24549417005801A8 /* Main.storyboard */ = {
			isa = PBXVariantGroup;
			children = (
				3A8CB6DD24549417005801A8 /* Base */,
			);
			name = Main.storyboard;
			sourceTree = "<group>";
		};
		3A8CB6E124549419005801A8 /* LaunchScreen.storyboard */ = {
			isa = PBXVariantGroup;
			children = (
				3A8CB6E224549419005801A8 /* Base */,
			);
			name = LaunchScreen.storyboard;
			sourceTree = "<group>";
		};
/* End PBXVariantGroup section */

/* Begin XCBuildConfiguration section */
		3A8CB6E524549419005801A8 /* Debug */ = {
			isa = XCBuildConfiguration;
			buildSettings = {
				ALWAYS_SEARCH_USER_PATHS = NO;
				CLANG_ANALYZER_NONNULL = YES;
				CLANG_ANALYZER_NUMBER_OBJECT_CONVERSION = YES_AGGRESSIVE;
				CLANG_CXX_LANGUAGE_STANDARD = "gnu++14";
				CLANG_CXX_LIBRARY = "libc++";
				CLANG_ENABLE_MODULES = YES;
				CLANG_ENABLE_OBJC_ARC = YES;
				CLANG_ENABLE_OBJC_WEAK = YES;
				CLANG_WARN_BLOCK_CAPTURE_AUTORELEASING = YES;
				CLANG_WARN_BOOL_CONVERSION = YES;
				CLANG_WARN_COMMA = YES;
				CLANG_WARN_CONSTANT_CONVERSION = YES;
				CLANG_WARN_DEPRECATED_OBJC_IMPLEMENTATIONS = YES;
				CLANG_WARN_DIRECT_OBJC_ISA_USAGE = YES_ERROR;
				CLANG_WARN_DOCUMENTATION_COMMENTS = YES;
				CLANG_WARN_EMPTY_BODY = YES;
				CLANG_WARN_ENUM_CONVERSION = YES;
				CLANG_WARN_INFINITE_RECURSION = YES;
				CLANG_WARN_INT_CONVERSION = YES;
				CLANG_WARN_NON_LITERAL_NULL_CONVERSION = YES;
				CLANG_WARN_OBJC_IMPLICIT_RETAIN_SELF = YES;
				CLANG_WARN_OBJC_LITERAL_CONVERSION = YES;
				CLANG_WARN_OBJC_ROOT_CLASS = YES_ERROR;
				CLANG_WARN_RANGE_LOOP_ANALYSIS = YES;
				CLANG_WARN_STRICT_PROTOTYPES = YES;
				CLANG_WARN_SUSPICIOUS_MOVE = YES;
				CLANG_WARN_UNGUARDED_AVAILABILITY = YES_AGGRESSIVE;
				CLANG_WARN_UNREACHABLE_CODE = YES;
				CLANG_WARN__DUPLICATE_METHOD_MATCH = YES;
				COPY_PHASE_STRIP = NO;
				DEBUG_INFORMATION_FORMAT = dwarf;
				ENABLE_STRICT_OBJC_MSGSEND = YES;
				ENABLE_TESTABILITY = YES;
				GCC_C_LANGUAGE_STANDARD = gnu11;
				GCC_DYNAMIC_NO_PIC = NO;
				GCC_NO_COMMON_BLOCKS = YES;
				GCC_OPTIMIZATION_LEVEL = 0;
				GCC_PREPROCESSOR_DEFINITIONS = (
					"DEBUG=1",
					"$(inherited)",
				);
				GCC_WARN_64_TO_32_BIT_CONVERSION = YES;
				GCC_WARN_ABOUT_RETURN_TYPE = YES_ERROR;
				GCC_WARN_UNDECLARED_SELECTOR = YES;
				GCC_WARN_UNINITIALIZED_AUTOS = YES_AGGRESSIVE;
				GCC_WARN_UNUSED_FUNCTION = YES;
				GCC_WARN_UNUSED_VARIABLE = YES;
				IPHONEOS_DEPLOYMENT_TARGET = 13.4;
				MTL_ENABLE_DEBUG_INFO = INCLUDE_SOURCE;
				MTL_FAST_MATH = YES;
				ONLY_ACTIVE_ARCH = YES;
				SDKROOT = iphoneos;
				SWIFT_ACTIVE_COMPILATION_CONDITIONS = DEBUG;
				SWIFT_OPTIMIZATION_LEVEL = "-Onone";
			};
			name = Debug;
		};
		3A8CB6E624549419005801A8 /* Release */ = {
			isa = XCBuildConfiguration;
			buildSettings = {
				ALWAYS_SEARCH_USER_PATHS = NO;
				CLANG_ANALYZER_NONNULL = YES;
				CLANG_ANALYZER_NUMBER_OBJECT_CONVERSION = YES_AGGRESSIVE;
				CLANG_CXX_LANGUAGE_STANDARD = "gnu++14";
				CLANG_CXX_LIBRARY = "libc++";
				CLANG_ENABLE_MODULES = YES;
				CLANG_ENABLE_OBJC_ARC = YES;
				CLANG_ENABLE_OBJC_WEAK = YES;
				CLANG_WARN_BLOCK_CAPTURE_AUTORELEASING = YES;
				CLANG_WARN_BOOL_CONVERSION = YES;
				CLANG_WARN_COMMA = YES;
				CLANG_WARN_CONSTANT_CONVERSION = YES;
				CLANG_WARN_DEPRECATED_OBJC_IMPLEMENTATIONS = YES;
				CLANG_WARN_DIRECT_OBJC_ISA_USAGE = YES_ERROR;
				CLANG_WARN_DOCUMENTATION_COMMENTS = YES;
				CLANG_WARN_EMPTY_BODY = YES;
				CLANG_WARN_ENUM_CONVERSION = YES;
				CLANG_WARN_INFINITE_RECURSION = YES;
				CLANG_WARN_INT_CONVERSION = YES;
				CLANG_WARN_NON_LITERAL_NULL_CONVERSION = YES;
				CLANG_WARN_OBJC_IMPLICIT_RETAIN_SELF = YES;
				CLANG_WARN_OBJC_LITERAL_CONVERSION = YES;
				CLANG_WARN_OBJC_ROOT_CLASS = YES_ERROR;
				CLANG_WARN_RANGE_LOOP_ANALYSIS = YES;
				CLANG_WARN_STRICT_PROTOTYPES = YES;
				CLANG_WARN_SUSPICIOUS_MOVE = YES;
				CLANG_WARN_UNGUARDED_AVAILABILITY = YES_AGGRESSIVE;
				CLANG_WARN_UNREACHABLE_CODE = YES;
				CLANG_WARN__DUPLICATE_METHOD_MATCH = YES;
				COPY_PHASE_STRIP = NO;
				DEBUG_INFORMATION_FORMAT = "dwarf-with-dsym";
				ENABLE_NS_ASSERTIONS = NO;
				ENABLE_STRICT_OBJC_MSGSEND = YES;
				GCC_C_LANGUAGE_STANDARD = gnu11;
				GCC_NO_COMMON_BLOCKS = YES;
				GCC_WARN_64_TO_32_BIT_CONVERSION = YES;
				GCC_WARN_ABOUT_RETURN_TYPE = YES_ERROR;
				GCC_WARN_UNDECLARED_SELECTOR = YES;
				GCC_WARN_UNINITIALIZED_AUTOS = YES_AGGRESSIVE;
				GCC_WARN_UNUSED_FUNCTION = YES;
				GCC_WARN_UNUSED_VARIABLE = YES;
				IPHONEOS_DEPLOYMENT_TARGET = 13.4;
				MTL_ENABLE_DEBUG_INFO = NO;
				MTL_FAST_MATH = YES;
				SDKROOT = iphoneos;
				SWIFT_COMPILATION_MODE = wholemodule;
				SWIFT_OPTIMIZATION_LEVEL = "-O";
				VALIDATE_PRODUCT = YES;
			};
			name = Release;
		};
		3A8CB6E824549419005801A8 /* Debug */ = {
			isa = XCBuildConfiguration;
			baseConfigurationReference = F17EDD9FC2E11CB9D000CEFD /* Pods-LoLProject.debug.xcconfig */;
			buildSettings = {
				ASSETCATALOG_COMPILER_APPICON_NAME = AppIcon;
				CODE_SIGN_STYLE = Automatic;
				DEVELOPMENT_TEAM = SL47R2R53M;
				INFOPLIST_FILE = "$(SRCROOT)/LoLProject/Supporting Files/Info.plist";
				IPHONEOS_DEPLOYMENT_TARGET = 13.0;
				LD_RUNPATH_SEARCH_PATHS = (
					"$(inherited)",
					"@executable_path/Frameworks",
				);
				PRODUCT_BUNDLE_IDENTIFIER = ant.LoLProject;
				PRODUCT_NAME = "$(TARGET_NAME)";
				SWIFT_VERSION = 5.0;
				TARGETED_DEVICE_FAMILY = 1;
			};
			name = Debug;
		};
		3A8CB6E924549419005801A8 /* Release */ = {
			isa = XCBuildConfiguration;
			baseConfigurationReference = A15E66B7F61071E6875938AF /* Pods-LoLProject.release.xcconfig */;
			buildSettings = {
				ASSETCATALOG_COMPILER_APPICON_NAME = AppIcon;
				CODE_SIGN_STYLE = Automatic;
				DEVELOPMENT_TEAM = SL47R2R53M;
				INFOPLIST_FILE = "$(SRCROOT)/LoLProject/Supporting Files/Info.plist";
				IPHONEOS_DEPLOYMENT_TARGET = 13.0;
				LD_RUNPATH_SEARCH_PATHS = (
					"$(inherited)",
					"@executable_path/Frameworks",
				);
				PRODUCT_BUNDLE_IDENTIFIER = ant.LoLProject;
				PRODUCT_NAME = "$(TARGET_NAME)";
				SWIFT_VERSION = 5.0;
				TARGETED_DEVICE_FAMILY = 1;
			};
			name = Release;
		};
/* End XCBuildConfiguration section */

/* Begin XCConfigurationList section */
		3A8CB6CE24549417005801A8 /* Build configuration list for PBXProject "LoLProject" */ = {
			isa = XCConfigurationList;
			buildConfigurations = (
				3A8CB6E524549419005801A8 /* Debug */,
				3A8CB6E624549419005801A8 /* Release */,
			);
			defaultConfigurationIsVisible = 0;
			defaultConfigurationName = Release;
		};
		3A8CB6E724549419005801A8 /* Build configuration list for PBXNativeTarget "LoLProject" */ = {
			isa = XCConfigurationList;
			buildConfigurations = (
				3A8CB6E824549419005801A8 /* Debug */,
				3A8CB6E924549419005801A8 /* Release */,
			);
			defaultConfigurationIsVisible = 0;
			defaultConfigurationName = Release;
		};
/* End XCConfigurationList section */
	};
	rootObject = 3A8CB6CB24549417005801A8 /* Project object */;
}
